
Microsoft Visual Studio Solution File, Format Version 12.00
# Visual Studio 2013
VisualStudioVersion = 12.0.31101.0
MinimumVisualStudioVersion = 10.0.40219.1
Project("{2150E333-8FDC-42A3-9474-1A3956D46DE8}") = "Professional", "Professional", "{916199C4-90B6-4E75-AF5A-C35ED2404306}"
	ProjectSection(SolutionItems) = preProject
		Page.txt = Page.txt
	EndProjectSection
EndProject
Project("{FAE04EC0-301F-11D3-BF4B-00C04F79EFBC}") = "SimpleClassExample", "SimpleClassExample\SimpleClassExample.csproj", "{3E2E875A-289F-448D-8B0A-758802EA8F42}"
EndProject
Project("{FAE04EC0-301F-11D3-BF4B-00C04F79EFBC}") = "StaticMethods", "StaticMethods\StaticMethods.csproj", "{A50C0322-2EA4-4130-93D6-A753CA111134}"
EndProject
Project("{FAE04EC0-301F-11D3-BF4B-00C04F79EFBC}") = "StaticData", "StaticData\StaticData.csproj", "{32B730AE-87C1-43B7-954F-5B6974B417DF}"
EndProject
Project("{FAE04EC0-301F-11D3-BF4B-00C04F79EFBC}") = "grafico", "grafico\grafico.csproj", "{D9BA2971-7364-4F1F-BA18-1D86257A2E6C}"
EndProject
Project("{2150E333-8FDC-42A3-9474-1A3956D46DE8}") = "WEB", "WEB", "{C5AFE00A-A514-4CFD-B819-FA877A8B409A}"
EndProject
Project("{FAE04EC0-301F-11D3-BF4B-00C04F79EFBC}") = "EmployeeApp", "EmployeeApp\EmployeeApp.csproj", "{A4550F0B-D8CC-41FA-8A08-C1F45305631D}"
EndProject
Project("{FAE04EC0-301F-11D3-BF4B-00C04F79EFBC}") = "BasciInheritance", "BasciInheritance\BasciInheritance.csproj", "{4DFF2912-7DDB-4F00-A0AD-20CB92F0452E}"
EndProject
Project("{FAE04EC0-301F-11D3-BF4B-00C04F79EFBC}") = "Employee", "Employee\Employee.csproj", "{DD869976-F3FC-413A-9366-D1AB912A28E1}"
EndProject
Project("{FAE04EC0-301F-11D3-BF4B-00C04F79EFBC}") = "Employees", "Employees\Employees.csproj", "{BC70AF7E-F9A5-4F51-AACA-04876B105710}"
EndProject
Project("{FAE04EC0-301F-11D3-BF4B-00C04F79EFBC}") = "Shapes", "Shapes\Shapes.csproj", "{612DB25B-9A0B-4215-BA5F-531593827423}"
EndProject
Project("{2150E333-8FDC-42A3-9474-1A3956D46DE8}") = "Cap7", "Cap7", "{913BC9E9-6FDC-4C26-9FD7-A8412A5005B1}"
EndProject
Project("{FAE04EC0-301F-11D3-BF4B-00C04F79EFBC}") = "ObjectOverrides", "ObjectOverrides\ObjectOverrides.csproj", "{14EAA723-4697-4369-B469-46B21948AEFB}"
EndProject
Project("{FAE04EC0-301F-11D3-BF4B-00C04F79EFBC}") = "SimpleException", "SimpleException\SimpleException.csproj", "{891A9603-A512-45EA-8FCB-0343F4F9A7FB}"
EndProject
Project("{FAE04EC0-301F-11D3-BF4B-00C04F79EFBC}") = "CustomException", "CustomException\CustomException.csproj", "{B1C5ED63-7C88-4902-ADAE-85795674617A}"
EndProject
Project("{2150E333-8FDC-42A3-9474-1A3956D46DE8}") = "Cap9", "Cap9", "{9A0FB5FA-FBAC-4DC6-8A14-EE229A623915}"
EndProject
Project("{FAE04EC0-301F-11D3-BF4B-00C04F79EFBC}") = "ICloneableExample", "ICloneableExample\ICloneableExample.csproj", "{36F2765B-4730-4D93-8117-DBF4D1DCF49E}"
EndProject
Project("{FAE04EC0-301F-11D3-BF4B-00C04F79EFBC}") = "CustomInterface", "CustomInterface\CustomInterface.csproj", "{8F433AD1-FE4E-43D7-AF96-5A698D86F8D8}"
EndProject
Project("{FAE04EC0-301F-11D3-BF4B-00C04F79EFBC}") = "InterfaceNameClash", "InterfaceNameClash\InterfaceNameClash.csproj", "{CF2CA56D-A744-45A0-B275-85F95CABF040}"
EndProject
Project("{2150E333-8FDC-42A3-9474-1A3956D46DE8}") = "Alura", "Alura", "{A6648BAA-0703-40EA-94D7-06E776A82224}"
EndProject
Project("{2150E333-8FDC-42A3-9474-1A3956D46DE8}") = "CSharpeseusFundamentos", "CSharpeseusFundamentos", "{CD24BFC0-B962-44CF-8382-0B6AD5595F54}"
EndProject
Project("{2150E333-8FDC-42A3-9474-1A3956D46DE8}") = "Cap1", "Cap1", "{7D8261CB-0475-475F-B434-DAC752056BE2}"
EndProject
Project("{FAE04EC0-301F-11D3-BF4B-00C04F79EFBC}") = "OiMundo", "Alura\CSharpeseusFundamentos\Cap1\OiMundo\OiMundo.csproj", "{D245D71B-E37E-4D4E-ADFD-71664D4227E6}"
EndProject
Project("{2150E333-8FDC-42A3-9474-1A3956D46DE8}") = "Cap2", "Cap2", "{E4DA575B-434D-4292-AFF4-E85FEFDEF8EC}"
EndProject
Project("{FAE04EC0-301F-11D3-BF4B-00C04F79EFBC}") = "CaixaEletronico", "Alura\CSharpeseusFundamentos\Cap2\CaixaEletronico\CaixaEletronico.csproj", "{AF97E090-B9F8-41E7-BA5D-4A1236B50E94}"
EndProject
Project("{2150E333-8FDC-42A3-9474-1A3956D46DE8}") = "Exercicios", "Exercicios", "{B6F6B30F-0C8F-431A-83E8-E8BD74139F67}"
EndProject
Project("{FAE04EC0-301F-11D3-BF4B-00C04F79EFBC}") = "Baskara", "Alura\CSharpeseusFundamentos\Cap2\Exercicios\Baskara\Baskara.csproj", "{F128E173-EFC1-4084-9DE8-F98E30720041}"
EndProject
Project("{2150E333-8FDC-42A3-9474-1A3956D46DE8}") = "Cap3", "Cap3", "{49AB0D33-3000-4B2D-973F-3C01F1C95891}"
EndProject
Project("{FAE04EC0-301F-11D3-BF4B-00C04F79EFBC}") = "CaixaEletronico", "Alura\CSharpeseusFundamentos\Cap3\CaixaEletronico\CaixaEletronico.csproj", "{8107099C-7792-4434-A4CD-16628EED421C}"
EndProject
Project("{2150E333-8FDC-42A3-9474-1A3956D46DE8}") = "Cap4", "Cap4", "{CB3A3418-7C06-42E5-8CA1-47F92D83E3DF}"
EndProject
Project("{FAE04EC0-301F-11D3-BF4B-00C04F79EFBC}") = "CaixaEletronico", "Alura\CSharpeseusFundamentos\Cap4\CaixaEletronico\CaixaEletronico.csproj", "{133A084D-9696-484E-BB2F-C187AD193D32}"
EndProject
Project("{2150E333-8FDC-42A3-9474-1A3956D46DE8}") = "Exercicios", "Exercicios", "{C7C161A3-88EF-4C49-BD02-CDF906DB1651}"
EndProject
Project("{FAE04EC0-301F-11D3-BF4B-00C04F79EFBC}") = "Fatorial", "Alura\CSharpeseusFundamentos\Cap4\Exercicios\Fatorial\Fatorial.csproj", "{9507ECA5-F812-400D-B704-2609DA1FDBA0}"
EndProject
Project("{FAE04EC0-301F-11D3-BF4B-00C04F79EFBC}") = "Fibonacci", "Alura\CSharpeseusFundamentos\Cap4\Exercicios\Fibonacci\Fibonacci.csproj", "{82D93428-AF93-4242-87C7-5D4EF56548D0}"
EndProject
Project("{FAE04EC0-301F-11D3-BF4B-00C04F79EFBC}") = "tabelaM", "Alura\CSharpeseusFundamentos\Cap4\Exercicios\tabelaM\tabelaM.csproj", "{BCC7E1B1-7A8A-4E41-BE1B-50449C2230E0}"
EndProject
Project("{2150E333-8FDC-42A3-9474-1A3956D46DE8}") = "Cap5", "Cap5", "{D2B1796F-AD55-4BAC-B3D2-616AA4ED8646}"
EndProject
Project("{FAE04EC0-301F-11D3-BF4B-00C04F79EFBC}") = "Operadores", "Alura\CSharpeseusFundamentos\Cap5\Operadores\Operadores.csproj", "{CC42908B-E9CA-4B1F-82DA-A334DDFD996D}"
EndProject
Project("{FAE04EC0-301F-11D3-BF4B-00C04F79EFBC}") = "Lacos", "Alura\CSharpeseusFundamentos\Cap5\Lacos\Lacos.csproj", "{7713ED4A-B4C0-4921-80FA-5412B1383B1C}"
EndProject
Project("{2150E333-8FDC-42A3-9474-1A3956D46DE8}") = "Cap6", "Cap6", "{F3ED074D-B263-44ED-BECC-29C12370AA58}"
EndProject
Project("{FAE04EC0-301F-11D3-BF4B-00C04F79EFBC}") = "CaixaEletronico", "Alura\CSharpeseusFundamentos\Cap6\CaixaEletronico\CaixaEletronico.csproj", "{A20F6094-B1DD-421B-BA66-9287DC82272D}"
EndProject
Project("{2150E333-8FDC-42A3-9474-1A3956D46DE8}") = "Cap7", "Cap7", "{1716E515-0B3E-4B3D-873C-ABD8CC464561}"
EndProject
Project("{FAE04EC0-301F-11D3-BF4B-00C04F79EFBC}") = "CaixaEletronico", "Alura\CSharpeseusFundamentos\Cap7\CaixaEletronico\CaixaEletronico.csproj", "{F854F4B9-0769-438B-AAAB-418BCBDC2823}"
EndProject
Project("{2150E333-8FDC-42A3-9474-1A3956D46DE8}") = "Cap8", "Cap8", "{82FA1F71-67BA-47B0-A8AF-AD8C3DE44804}"
EndProject
Project("{FAE04EC0-301F-11D3-BF4B-00C04F79EFBC}") = "CaixaEletronico", "Alura\CSharpeseusFundamentos\Cap8\CaixaEletronico\CaixaEletronico.csproj", "{C050904C-2280-47DB-ACCD-278A0926109A}"
EndProject
Project("{2150E333-8FDC-42A3-9474-1A3956D46DE8}") = "Cap9", "Cap9", "{5B099506-FB25-410A-965F-F2D70F7F51CB}"
EndProject
Project("{FAE04EC0-301F-11D3-BF4B-00C04F79EFBC}") = "CaixaEletronico", "Alura\CSharpeseusFundamentos\Cap9\CaixaEletronico\CaixaEletronico.csproj", "{970A5B72-4F8D-4542-96D4-CA78FE6C1C05}"
EndProject
Project("{FAE04EC0-301F-11D3-BF4B-00C04F79EFBC}") = "InterfaceHuerarchy", "InterfaceHuerarchy\InterfaceHuerarchy.csproj", "{332A6A7A-B446-42A2-A8B5-0819D24C927C}"
EndProject
Global
	GlobalSection(SolutionConfigurationPlatforms) = preSolution
		Debug|Any CPU = Debug|Any CPU
		Release|Any CPU = Release|Any CPU
	EndGlobalSection
	GlobalSection(ProjectConfigurationPlatforms) = postSolution
		{3E2E875A-289F-448D-8B0A-758802EA8F42}.Debug|Any CPU.ActiveCfg = Debug|Any CPU
		{3E2E875A-289F-448D-8B0A-758802EA8F42}.Debug|Any CPU.Build.0 = Debug|Any CPU
		{3E2E875A-289F-448D-8B0A-758802EA8F42}.Release|Any CPU.ActiveCfg = Release|Any CPU
		{3E2E875A-289F-448D-8B0A-758802EA8F42}.Release|Any CPU.Build.0 = Release|Any CPU
		{A50C0322-2EA4-4130-93D6-A753CA111134}.Debug|Any CPU.ActiveCfg = Debug|Any CPU
		{A50C0322-2EA4-4130-93D6-A753CA111134}.Debug|Any CPU.Build.0 = Debug|Any CPU
		{A50C0322-2EA4-4130-93D6-A753CA111134}.Release|Any CPU.ActiveCfg = Release|Any CPU
		{A50C0322-2EA4-4130-93D6-A753CA111134}.Release|Any CPU.Build.0 = Release|Any CPU
		{32B730AE-87C1-43B7-954F-5B6974B417DF}.Debug|Any CPU.ActiveCfg = Debug|Any CPU
		{32B730AE-87C1-43B7-954F-5B6974B417DF}.Debug|Any CPU.Build.0 = Debug|Any CPU
		{32B730AE-87C1-43B7-954F-5B6974B417DF}.Release|Any CPU.ActiveCfg = Release|Any CPU
		{32B730AE-87C1-43B7-954F-5B6974B417DF}.Release|Any CPU.Build.0 = Release|Any CPU
		{D9BA2971-7364-4F1F-BA18-1D86257A2E6C}.Debug|Any CPU.ActiveCfg = Debug|Any CPU
		{D9BA2971-7364-4F1F-BA18-1D86257A2E6C}.Debug|Any CPU.Build.0 = Debug|Any CPU
		{D9BA2971-7364-4F1F-BA18-1D86257A2E6C}.Release|Any CPU.ActiveCfg = Release|Any CPU
		{D9BA2971-7364-4F1F-BA18-1D86257A2E6C}.Release|Any CPU.Build.0 = Release|Any CPU
		{A4550F0B-D8CC-41FA-8A08-C1F45305631D}.Debug|Any CPU.ActiveCfg = Debug|Any CPU
		{A4550F0B-D8CC-41FA-8A08-C1F45305631D}.Debug|Any CPU.Build.0 = Debug|Any CPU
		{A4550F0B-D8CC-41FA-8A08-C1F45305631D}.Release|Any CPU.ActiveCfg = Release|Any CPU
		{A4550F0B-D8CC-41FA-8A08-C1F45305631D}.Release|Any CPU.Build.0 = Release|Any CPU
		{4DFF2912-7DDB-4F00-A0AD-20CB92F0452E}.Debug|Any CPU.ActiveCfg = Debug|Any CPU
		{4DFF2912-7DDB-4F00-A0AD-20CB92F0452E}.Debug|Any CPU.Build.0 = Debug|Any CPU
		{4DFF2912-7DDB-4F00-A0AD-20CB92F0452E}.Release|Any CPU.ActiveCfg = Release|Any CPU
		{4DFF2912-7DDB-4F00-A0AD-20CB92F0452E}.Release|Any CPU.Build.0 = Release|Any CPU
		{DD869976-F3FC-413A-9366-D1AB912A28E1}.Debug|Any CPU.ActiveCfg = Debug|Any CPU
		{DD869976-F3FC-413A-9366-D1AB912A28E1}.Debug|Any CPU.Build.0 = Debug|Any CPU
		{DD869976-F3FC-413A-9366-D1AB912A28E1}.Release|Any CPU.ActiveCfg = Release|Any CPU
		{DD869976-F3FC-413A-9366-D1AB912A28E1}.Release|Any CPU.Build.0 = Release|Any CPU
		{BC70AF7E-F9A5-4F51-AACA-04876B105710}.Debug|Any CPU.ActiveCfg = Debug|Any CPU
		{BC70AF7E-F9A5-4F51-AACA-04876B105710}.Debug|Any CPU.Build.0 = Debug|Any CPU
		{BC70AF7E-F9A5-4F51-AACA-04876B105710}.Release|Any CPU.ActiveCfg = Release|Any CPU
		{BC70AF7E-F9A5-4F51-AACA-04876B105710}.Release|Any CPU.Build.0 = Release|Any CPU
		{612DB25B-9A0B-4215-BA5F-531593827423}.Debug|Any CPU.ActiveCfg = Debug|Any CPU
		{612DB25B-9A0B-4215-BA5F-531593827423}.Debug|Any CPU.Build.0 = Debug|Any CPU
		{612DB25B-9A0B-4215-BA5F-531593827423}.Release|Any CPU.ActiveCfg = Release|Any CPU
		{612DB25B-9A0B-4215-BA5F-531593827423}.Release|Any CPU.Build.0 = Release|Any CPU
		{14EAA723-4697-4369-B469-46B21948AEFB}.Debug|Any CPU.ActiveCfg = Debug|Any CPU
		{14EAA723-4697-4369-B469-46B21948AEFB}.Debug|Any CPU.Build.0 = Debug|Any CPU
		{14EAA723-4697-4369-B469-46B21948AEFB}.Release|Any CPU.ActiveCfg = Release|Any CPU
		{14EAA723-4697-4369-B469-46B21948AEFB}.Release|Any CPU.Build.0 = Release|Any CPU
		{891A9603-A512-45EA-8FCB-0343F4F9A7FB}.Debug|Any CPU.ActiveCfg = Debug|Any CPU
		{891A9603-A512-45EA-8FCB-0343F4F9A7FB}.Debug|Any CPU.Build.0 = Debug|Any CPU
		{891A9603-A512-45EA-8FCB-0343F4F9A7FB}.Release|Any CPU.ActiveCfg = Release|Any CPU
		{891A9603-A512-45EA-8FCB-0343F4F9A7FB}.Release|Any CPU.Build.0 = Release|Any CPU
		{B1C5ED63-7C88-4902-ADAE-85795674617A}.Debug|Any CPU.ActiveCfg = Debug|Any CPU
		{B1C5ED63-7C88-4902-ADAE-85795674617A}.Debug|Any CPU.Build.0 = Debug|Any CPU
		{B1C5ED63-7C88-4902-ADAE-85795674617A}.Release|Any CPU.ActiveCfg = Release|Any CPU
		{B1C5ED63-7C88-4902-ADAE-85795674617A}.Release|Any CPU.Build.0 = Release|Any CPU
		{36F2765B-4730-4D93-8117-DBF4D1DCF49E}.Debug|Any CPU.ActiveCfg = Debug|Any CPU
		{36F2765B-4730-4D93-8117-DBF4D1DCF49E}.Debug|Any CPU.Build.0 = Debug|Any CPU
		{36F2765B-4730-4D93-8117-DBF4D1DCF49E}.Release|Any CPU.ActiveCfg = Release|Any CPU
		{36F2765B-4730-4D93-8117-DBF4D1DCF49E}.Release|Any CPU.Build.0 = Release|Any CPU
		{8F433AD1-FE4E-43D7-AF96-5A698D86F8D8}.Debug|Any CPU.ActiveCfg = Debug|Any CPU
		{8F433AD1-FE4E-43D7-AF96-5A698D86F8D8}.Debug|Any CPU.Build.0 = Debug|Any CPU
		{8F433AD1-FE4E-43D7-AF96-5A698D86F8D8}.Release|Any CPU.ActiveCfg = Release|Any CPU
		{8F433AD1-FE4E-43D7-AF96-5A698D86F8D8}.Release|Any CPU.Build.0 = Release|Any CPU
		{CF2CA56D-A744-45A0-B275-85F95CABF040}.Debug|Any CPU.ActiveCfg = Debug|Any CPU
		{CF2CA56D-A744-45A0-B275-85F95CABF040}.Debug|Any CPU.Build.0 = Debug|Any CPU
		{CF2CA56D-A744-45A0-B275-85F95CABF040}.Release|Any CPU.ActiveCfg = Release|Any CPU
		{CF2CA56D-A744-45A0-B275-85F95CABF040}.Release|Any CPU.Build.0 = Release|Any CPU
		{D245D71B-E37E-4D4E-ADFD-71664D4227E6}.Debug|Any CPU.ActiveCfg = Debug|Any CPU
		{D245D71B-E37E-4D4E-ADFD-71664D4227E6}.Debug|Any CPU.Build.0 = Debug|Any CPU
		{D245D71B-E37E-4D4E-ADFD-71664D4227E6}.Release|Any CPU.ActiveCfg = Release|Any CPU
		{D245D71B-E37E-4D4E-ADFD-71664D4227E6}.Release|Any CPU.Build.0 = Release|Any CPU
		{AF97E090-B9F8-41E7-BA5D-4A1236B50E94}.Debug|Any CPU.ActiveCfg = Debug|Any CPU
		{AF97E090-B9F8-41E7-BA5D-4A1236B50E94}.Debug|Any CPU.Build.0 = Debug|Any CPU
		{AF97E090-B9F8-41E7-BA5D-4A1236B50E94}.Release|Any CPU.ActiveCfg = Release|Any CPU
		{AF97E090-B9F8-41E7-BA5D-4A1236B50E94}.Release|Any CPU.Build.0 = Release|Any CPU
		{F128E173-EFC1-4084-9DE8-F98E30720041}.Debug|Any CPU.ActiveCfg = Debug|Any CPU
		{F128E173-EFC1-4084-9DE8-F98E30720041}.Debug|Any CPU.Build.0 = Debug|Any CPU
		{F128E173-EFC1-4084-9DE8-F98E30720041}.Release|Any CPU.ActiveCfg = Release|Any CPU
		{F128E173-EFC1-4084-9DE8-F98E30720041}.Release|Any CPU.Build.0 = Release|Any CPU
		{8107099C-7792-4434-A4CD-16628EED421C}.Debug|Any CPU.ActiveCfg = Debug|Any CPU
		{8107099C-7792-4434-A4CD-16628EED421C}.Debug|Any CPU.Build.0 = Debug|Any CPU
		{8107099C-7792-4434-A4CD-16628EED421C}.Release|Any CPU.ActiveCfg = Release|Any CPU
		{8107099C-7792-4434-A4CD-16628EED421C}.Release|Any CPU.Build.0 = Release|Any CPU
		{133A084D-9696-484E-BB2F-C187AD193D32}.Debug|Any CPU.ActiveCfg = Debug|Any CPU
		{133A084D-9696-484E-BB2F-C187AD193D32}.Debug|Any CPU.Build.0 = Debug|Any CPU
		{133A084D-9696-484E-BB2F-C187AD193D32}.Release|Any CPU.ActiveCfg = Release|Any CPU
		{133A084D-9696-484E-BB2F-C187AD193D32}.Release|Any CPU.Build.0 = Release|Any CPU
		{9507ECA5-F812-400D-B704-2609DA1FDBA0}.Debug|Any CPU.ActiveCfg = Debug|Any CPU
		{9507ECA5-F812-400D-B704-2609DA1FDBA0}.Debug|Any CPU.Build.0 = Debug|Any CPU
		{9507ECA5-F812-400D-B704-2609DA1FDBA0}.Release|Any CPU.ActiveCfg = Release|Any CPU
		{9507ECA5-F812-400D-B704-2609DA1FDBA0}.Release|Any CPU.Build.0 = Release|Any CPU
		{82D93428-AF93-4242-87C7-5D4EF56548D0}.Debug|Any CPU.ActiveCfg = Debug|Any CPU
		{82D93428-AF93-4242-87C7-5D4EF56548D0}.Debug|Any CPU.Build.0 = Debug|Any CPU
		{82D93428-AF93-4242-87C7-5D4EF56548D0}.Release|Any CPU.ActiveCfg = Release|Any CPU
		{82D93428-AF93-4242-87C7-5D4EF56548D0}.Release|Any CPU.Build.0 = Release|Any CPU
		{BCC7E1B1-7A8A-4E41-BE1B-50449C2230E0}.Debug|Any CPU.ActiveCfg = Debug|Any CPU
		{BCC7E1B1-7A8A-4E41-BE1B-50449C2230E0}.Debug|Any CPU.Build.0 = Debug|Any CPU
		{BCC7E1B1-7A8A-4E41-BE1B-50449C2230E0}.Release|Any CPU.ActiveCfg = Release|Any CPU
		{BCC7E1B1-7A8A-4E41-BE1B-50449C2230E0}.Release|Any CPU.Build.0 = Release|Any CPU
		{CC42908B-E9CA-4B1F-82DA-A334DDFD996D}.Debug|Any CPU.ActiveCfg = Debug|Any CPU
		{CC42908B-E9CA-4B1F-82DA-A334DDFD996D}.Debug|Any CPU.Build.0 = Debug|Any CPU
		{CC42908B-E9CA-4B1F-82DA-A334DDFD996D}.Release|Any CPU.ActiveCfg = Release|Any CPU
		{CC42908B-E9CA-4B1F-82DA-A334DDFD996D}.Release|Any CPU.Build.0 = Release|Any CPU
		{7713ED4A-B4C0-4921-80FA-5412B1383B1C}.Debug|Any CPU.ActiveCfg = Debug|Any CPU
		{7713ED4A-B4C0-4921-80FA-5412B1383B1C}.Debug|Any CPU.Build.0 = Debug|Any CPU
		{7713ED4A-B4C0-4921-80FA-5412B1383B1C}.Release|Any CPU.ActiveCfg = Release|Any CPU
		{7713ED4A-B4C0-4921-80FA-5412B1383B1C}.Release|Any CPU.Build.0 = Release|Any CPU
		{A20F6094-B1DD-421B-BA66-9287DC82272D}.Debug|Any CPU.ActiveCfg = Debug|Any CPU
		{A20F6094-B1DD-421B-BA66-9287DC82272D}.Debug|Any CPU.Build.0 = Debug|Any CPU
		{A20F6094-B1DD-421B-BA66-9287DC82272D}.Release|Any CPU.ActiveCfg = Release|Any CPU
		{A20F6094-B1DD-421B-BA66-9287DC82272D}.Release|Any CPU.Build.0 = Release|Any CPU
		{F854F4B9-0769-438B-AAAB-418BCBDC2823}.Debug|Any CPU.ActiveCfg = Debug|Any CPU
		{F854F4B9-0769-438B-AAAB-418BCBDC2823}.Debug|Any CPU.Build.0 = Debug|Any CPU
		{F854F4B9-0769-438B-AAAB-418BCBDC2823}.Release|Any CPU.ActiveCfg = Release|Any CPU
		{F854F4B9-0769-438B-AAAB-418BCBDC2823}.Release|Any CPU.Build.0 = Release|Any CPU
		{C050904C-2280-47DB-ACCD-278A0926109A}.Debug|Any CPU.ActiveCfg = Debug|Any CPU
		{C050904C-2280-47DB-ACCD-278A0926109A}.Debug|Any CPU.Build.0 = Debug|Any CPU
		{C050904C-2280-47DB-ACCD-278A0926109A}.Release|Any CPU.ActiveCfg = Release|Any CPU
		{C050904C-2280-47DB-ACCD-278A0926109A}.Release|Any CPU.Build.0 = Release|Any CPU
		{970A5B72-4F8D-4542-96D4-CA78FE6C1C05}.Debug|Any CPU.ActiveCfg = Debug|Any CPU
		{970A5B72-4F8D-4542-96D4-CA78FE6C1C05}.Debug|Any CPU.Build.0 = Debug|Any CPU
		{970A5B72-4F8D-4542-96D4-CA78FE6C1C05}.Release|Any CPU.ActiveCfg = Release|Any CPU
		{970A5B72-4F8D-4542-96D4-CA78FE6C1C05}.Release|Any CPU.Build.0 = Release|Any CPU
		{332A6A7A-B446-42A2-A8B5-0819D24C927C}.Debug|Any CPU.ActiveCfg = Debug|Any CPU
		{332A6A7A-B446-42A2-A8B5-0819D24C927C}.Debug|Any CPU.Build.0 = Debug|Any CPU
		{332A6A7A-B446-42A2-A8B5-0819D24C927C}.Release|Any CPU.ActiveCfg = Release|Any CPU
		{332A6A7A-B446-42A2-A8B5-0819D24C927C}.Release|Any CPU.Build.0 = Release|Any CPU
	EndGlobalSection
	GlobalSection(SolutionProperties) = preSolution
		HideSolutionNode = FALSE
	EndGlobalSection
	GlobalSection(NestedProjects) = preSolution
		{3E2E875A-289F-448D-8B0A-758802EA8F42} = {916199C4-90B6-4E75-AF5A-C35ED2404306}
		{A50C0322-2EA4-4130-93D6-A753CA111134} = {916199C4-90B6-4E75-AF5A-C35ED2404306}
		{32B730AE-87C1-43B7-954F-5B6974B417DF} = {916199C4-90B6-4E75-AF5A-C35ED2404306}
		{D9BA2971-7364-4F1F-BA18-1D86257A2E6C} = {C5AFE00A-A514-4CFD-B819-FA877A8B409A}
		{A4550F0B-D8CC-41FA-8A08-C1F45305631D} = {916199C4-90B6-4E75-AF5A-C35ED2404306}
		{4DFF2912-7DDB-4F00-A0AD-20CB92F0452E} = {916199C4-90B6-4E75-AF5A-C35ED2404306}
		{DD869976-F3FC-413A-9366-D1AB912A28E1} = {916199C4-90B6-4E75-AF5A-C35ED2404306}
		{BC70AF7E-F9A5-4F51-AACA-04876B105710} = {916199C4-90B6-4E75-AF5A-C35ED2404306}
		{612DB25B-9A0B-4215-BA5F-531593827423} = {916199C4-90B6-4E75-AF5A-C35ED2404306}
		{913BC9E9-6FDC-4C26-9FD7-A8412A5005B1} = {916199C4-90B6-4E75-AF5A-C35ED2404306}
		{14EAA723-4697-4369-B469-46B21948AEFB} = {916199C4-90B6-4E75-AF5A-C35ED2404306}
		{891A9603-A512-45EA-8FCB-0343F4F9A7FB} = {913BC9E9-6FDC-4C26-9FD7-A8412A5005B1}
		{B1C5ED63-7C88-4902-ADAE-85795674617A} = {913BC9E9-6FDC-4C26-9FD7-A8412A5005B1}
		{9A0FB5FA-FBAC-4DC6-8A14-EE229A623915} = {916199C4-90B6-4E75-AF5A-C35ED2404306}
		{36F2765B-4730-4D93-8117-DBF4D1DCF49E} = {9A0FB5FA-FBAC-4DC6-8A14-EE229A623915}
		{8F433AD1-FE4E-43D7-AF96-5A698D86F8D8} = {9A0FB5FA-FBAC-4DC6-8A14-EE229A623915}
		{CF2CA56D-A744-45A0-B275-85F95CABF040} = {9A0FB5FA-FBAC-4DC6-8A14-EE229A623915}
		{CD24BFC0-B962-44CF-8382-0B6AD5595F54} = {A6648BAA-0703-40EA-94D7-06E776A82224}
		{7D8261CB-0475-475F-B434-DAC752056BE2} = {CD24BFC0-B962-44CF-8382-0B6AD5595F54}
		{D245D71B-E37E-4D4E-ADFD-71664D4227E6} = {7D8261CB-0475-475F-B434-DAC752056BE2}
		{E4DA575B-434D-4292-AFF4-E85FEFDEF8EC} = {CD24BFC0-B962-44CF-8382-0B6AD5595F54}
		{AF97E090-B9F8-41E7-BA5D-4A1236B50E94} = {E4DA575B-434D-4292-AFF4-E85FEFDEF8EC}
		{B6F6B30F-0C8F-431A-83E8-E8BD74139F67} = {E4DA575B-434D-4292-AFF4-E85FEFDEF8EC}
		{F128E173-EFC1-4084-9DE8-F98E30720041} = {B6F6B30F-0C8F-431A-83E8-E8BD74139F67}
		{49AB0D33-3000-4B2D-973F-3C01F1C95891} = {CD24BFC0-B962-44CF-8382-0B6AD5595F54}
		{8107099C-7792-4434-A4CD-16628EED421C} = {49AB0D33-3000-4B2D-973F-3C01F1C95891}
		{CB3A3418-7C06-42E5-8CA1-47F92D83E3DF} = {CD24BFC0-B962-44CF-8382-0B6AD5595F54}
		{133A084D-9696-484E-BB2F-C187AD193D32} = {CB3A3418-7C06-42E5-8CA1-47F92D83E3DF}
		{C7C161A3-88EF-4C49-BD02-CDF906DB1651} = {CB3A3418-7C06-42E5-8CA1-47F92D83E3DF}
		{9507ECA5-F812-400D-B704-2609DA1FDBA0} = {C7C161A3-88EF-4C49-BD02-CDF906DB1651}
		{82D93428-AF93-4242-87C7-5D4EF56548D0} = {C7C161A3-88EF-4C49-BD02-CDF906DB1651}
		{BCC7E1B1-7A8A-4E41-BE1B-50449C2230E0} = {C7C161A3-88EF-4C49-BD02-CDF906DB1651}
		{D2B1796F-AD55-4BAC-B3D2-616AA4ED8646} = {CD24BFC0-B962-44CF-8382-0B6AD5595F54}
		{CC42908B-E9CA-4B1F-82DA-A334DDFD996D} = {D2B1796F-AD55-4BAC-B3D2-616AA4ED8646}
		{7713ED4A-B4C0-4921-80FA-5412B1383B1C} = {D2B1796F-AD55-4BAC-B3D2-616AA4ED8646}
		{F3ED074D-B263-44ED-BECC-29C12370AA58} = {CD24BFC0-B962-44CF-8382-0B6AD5595F54}
		{A20F6094-B1DD-421B-BA66-9287DC82272D} = {F3ED074D-B263-44ED-BECC-29C12370AA58}
		{1716E515-0B3E-4B3D-873C-ABD8CC464561} = {CD24BFC0-B962-44CF-8382-0B6AD5595F54}
		{F854F4B9-0769-438B-AAAB-418BCBDC2823} = {1716E515-0B3E-4B3D-873C-ABD8CC464561}
		{82FA1F71-67BA-47B0-A8AF-AD8C3DE44804} = {CD24BFC0-B962-44CF-8382-0B6AD5595F54}
		{C050904C-2280-47DB-ACCD-278A0926109A} = {82FA1F71-67BA-47B0-A8AF-AD8C3DE44804}
		{5B099506-FB25-410A-965F-F2D70F7F51CB} = {CD24BFC0-B962-44CF-8382-0B6AD5595F54}
		{970A5B72-4F8D-4542-96D4-CA78FE6C1C05} = {5B099506-FB25-410A-965F-F2D70F7F51CB}
		{332A6A7A-B446-42A2-A8B5-0819D24C927C} = {9A0FB5FA-FBAC-4DC6-8A14-EE229A623915}
	EndGlobalSection
EndGlobal
